{
  "name": "node-red-contrib-snmp-trap-listener",
  "version": "1.2.0",
  "lockfileVersion": 1,
  "requires": true,
  "dependencies": {
    "asn1": {
      "version": "0.2.3",
      "resolved": "https://registry.npmjs.org/asn1/-/asn1-0.2.3.tgz",
      "integrity": "sha1-2sh4dxPJlmhJ/IGAd36+nB3fO4Y="
    },
    "bunyan": {
      "version": "0.21.4",
      "resolved": "https://registry.npmjs.org/bunyan/-/bunyan-0.21.4.tgz",
      "integrity": "sha1-fw6p5MQ1SE8G+ezlMfYhQ9rc0/s=",
      "requires": {
        "dtrace-provider": "0.2.8",
        "mv": "0.0.5"
      },
      "dependencies": {
        "dtrace-provider": {
          "version": "0.2.8",
          "resolved": "https://registry.npmjs.org/dtrace-provider/-/dtrace-provider-0.2.8.tgz",
          "integrity": "sha1-4kPxkhmqlfvw2PL/sH9b1k6U/iA=",
          "optional": true
        }
      }
    },
    "dtrace-provider": {
      "version": "0.4.0",
      "resolved": "https://registry.npmjs.org/dtrace-provider/-/dtrace-provider-0.4.0.tgz",
      "integrity": "sha1-C2e8HMd+eb+IuHrSBmT0p1POPyY=",
      "requires": {
        "nan": "1.5.3"
      }
    },
    "jison": {
      "version": "0.3.12",
      "resolved": "https://registry.npmjs.org/jison/-/jison-0.3.12.tgz",
      "integrity": "sha1-IN1EjuvCxWneJdDBMGL34adzNaI=",
      "requires": {
        "JSONSelect": "0.4.0",
        "nomnom": "0.4.3",
        "reflect": "0.0.7"
      }
    },
    "JSONSelect": {
      "version": "0.4.0",
      "resolved": "https://registry.npmjs.org/JSONSelect/-/JSONSelect-0.4.0.tgz",
      "integrity": "sha1-oI7cxn6z/L6Z7WMIVTRKDPKCu40="
    },
    "mv": {
      "version": "0.0.5",
      "resolved": "https://registry.npmjs.org/mv/-/mv-0.0.5.tgz",
      "integrity": "sha1-FerHWUeYhN8RMdbeVrziC2VPU5E=",
      "optional": true
    },
    "nan": {
      "version": "1.5.3",
      "resolved": "https://registry.npmjs.org/nan/-/nan-1.5.3.tgz",
      "integrity": "sha1-TNDswTO3sHAKSSpkat1CeuijGOs="
    },
    "nomnom": {
      "version": "0.4.3",
      "resolved": "https://registry.npmjs.org/nomnom/-/nomnom-0.4.3.tgz",
      "integrity": "sha1-bC2xJH3v9vZ1fjVyASOPB9lxhOM=",
      "requires": {
        "underscore": "1.8.3"
      }
    },
    "reflect": {
      "version": "0.0.7",
      "resolved": "https://registry.npmjs.org/reflect/-/reflect-0.0.7.tgz",
      "integrity": "sha1-Zmbty0D+rLEgTsAImeKMcV2vQXw="
    },
    "snmpjs": {
      "version": "github:joyent/node-snmpjs#c4a77ef8556c47bfd35cb02a5c9d4876c117d99f",
      "requires": {
        "asn1": "0.2.3",
        "bunyan": "0.21.4",
        "dtrace-provider": "0.4.0",
        "jison": "0.3.12"
      }
    },
    "underscore": {
      "version": "1.8.3",
      "resolved": "https://registry.npmjs.org/underscore/-/underscore-1.8.3.tgz",
      "integrity": "sha1-Tz+1OxBuYJf8+ctBCfKl6b36UCI="
    }
  }
}
