# THIS IS AN AUTOGENERATED FILE. DO NOT EDIT THIS FILE DIRECTLY.
# yarn lockfile v1


asn1-ber@*:
  version "1.1.2"
  resolved "https://registry.yarnpkg.com/asn1-ber/-/asn1-ber-1.1.2.tgz#ba15bbd6dc4a6c826d7156dec1c8a921cafe55d5"

moment@^2.29.1:
  version "2.29.2"
  resolved "https://registry.yarnpkg.com/moment/-/moment-2.29.2.tgz#00910c60b20843bcba52d37d58c628b47b1f20e4"

net-snmp@^3.4.1:
  version "3.6.2"
  resolved "https://registry.yarnpkg.com/net-snmp/-/net-snmp-3.6.2.tgz#23b3e2f094c5b0fafebb3b6193fa6bccb5a9d432"
  dependencies:
    asn1-ber "*"
    smart-buffer "^4.1.0"

prettier@^2.2.1:
  version "2.6.2"
  resolved "https://registry.yarnpkg.com/prettier/-/prettier-2.6.2.tgz#e26d71a18a74c3d0f0597f55f01fb6c06c206032"

smart-buffer@^4.1.0:
  version "4.2.0"
  resolved "https://registry.yarnpkg.com/smart-buffer/-/smart-buffer-4.2.0.tgz#6e1d71fa4f18c05f7d0ff216dd16a481d0e8d9ae"
