# THIS IS AN AUTOGENERATED FILE. DO NOT EDIT THIS FILE DIRECTLY.
# yarn lockfile v1


JSONSelect@0.4.0:
  version "0.4.0"
  resolved "https://registry.yarnpkg.com/JSONSelect/-/JSONSelect-0.4.0.tgz#a08edcc67eb3fcbe99ed630855344a0cf282bb8d"

asn1@~0.2.2:
  version "0.2.3"
  resolved "https://registry.yarnpkg.com/asn1/-/asn1-0.2.3.tgz#dac8787713c9966849fc8180777ebe9c1ddf3b86"

bunyan@~0.21:
  version "0.21.4"
  resolved "https://registry.yarnpkg.com/bunyan/-/bunyan-0.21.4.tgz#7f0ea9e4c435484f06f9ece531f62143dadcd3fb"
  optionalDependencies:
    dtrace-provider "0.2.8"
    mv "0.0.5"

dtrace-provider@0.2.8:
  version "0.2.8"
  resolved "https://registry.yarnpkg.com/dtrace-provider/-/dtrace-provider-0.2.8.tgz#e243f19219aa95fbf0d8f2ffb07f5bd64e94fe20"

dtrace-provider@~0.4:
  version "0.4.0"
  resolved "https://registry.yarnpkg.com/dtrace-provider/-/dtrace-provider-0.4.0.tgz#0b67bc1cc77e79bf88b87ad20664f4a753ce3f26"
  dependencies:
    nan "~1.5.1"

jison@0.3:
  version "0.3.12"
  resolved "https://registry.yarnpkg.com/jison/-/jison-0.3.12.tgz#20dd448eebc2c569de25d0c13062f7e1a77335a2"
  dependencies:
    JSONSelect "0.4.0"
    nomnom "0.4.3"
    reflect "0.0.7"

moment@^2.18.1:
  version "2.18.1"
  resolved "https://registry.yarnpkg.com/moment/-/moment-2.18.1.tgz#c36193dd3ce1c2eed2adb7c802dbbc77a81b1c0f"

mv@0.0.5:
  version "0.0.5"
  resolved "https://registry.yarnpkg.com/mv/-/mv-0.0.5.tgz#15eac759479884df1131d6de56bce20b654f5391"

nan@~1.5.1:
  version "1.5.3"
  resolved "https://registry.yarnpkg.com/nan/-/nan-1.5.3.tgz#4cd0ecc133b7b0700a492a646add427ae8a318eb"

nomnom@0.4.3:
  version "0.4.3"
  resolved "https://registry.yarnpkg.com/nomnom/-/nomnom-0.4.3.tgz#6c2db1247deff6f6757e357201238f07d97184e3"
  dependencies:
    underscore ">= 1.1.5"

reflect@0.0.7:
  version "0.0.7"
  resolved "https://registry.yarnpkg.com/reflect/-/reflect-0.0.7.tgz#6666edcb40feacb1204ec00899e28c715daf417c"

"snmpjs@git+https://github.com/joyent/node-snmpjs.git":
  version "0.1.8"
  resolved "git+https://github.com/joyent/node-snmpjs.git#c4a77ef8556c47bfd35cb02a5c9d4876c117d99f"
  dependencies:
    asn1 "~0.2.2"
    bunyan "~0.21"
    dtrace-provider "~0.4"
    jison "0.3"

"underscore@>= 1.1.5":
  version "1.8.3"
  resolved "https://registry.yarnpkg.com/underscore/-/underscore-1.8.3.tgz#4f3fb53b106e6097fcf9cb4109f2a5e9bdfa5022"
