# THIS IS AN AUTOGENERATED FILE. DO NOT EDIT THIS FILE DIRECTLY.
# yarn lockfile v1


asn1-ber@^1.2.1:
  version "1.2.2"
  resolved "https://registry.yarnpkg.com/asn1-ber/-/asn1-ber-1.2.2.tgz#cb8b13f58b537314610c24c560f2353320786822"

moment@^2.29.1:
  version "2.29.4"
  resolved "https://registry.yarnpkg.com/moment/-/moment-2.29.4.tgz#3dbe052889fe7c1b2ed966fcb3a77328964ef108"

net-snmp@^3.4.1:
  version "3.8.2"
  resolved "https://registry.yarnpkg.com/net-snmp/-/net-snmp-3.8.2.tgz#ab7ba90d786c6c0476f13c7eb2d61158e68b4e35"
  dependencies:
    asn1-ber "^1.2.1"
    smart-buffer "^4.1.0"

prettier@^2.2.1:
  version "2.7.1"
  resolved "https://registry.yarnpkg.com/prettier/-/prettier-2.7.1.tgz#e235806850d057f97bb08368a4f7d899f7760c64"

smart-buffer@^4.1.0:
  version "4.2.0"
  resolved "https://registry.yarnpkg.com/smart-buffer/-/smart-buffer-4.2.0.tgz#6e1d71fa4f18c05f7d0ff216dd16a481d0e8d9ae"
